{
    "version": 3,
    "terraform_version": "0.11.8",
    "serial": 6,
    "lineage": "e6a4acf5-2092-1957-27aa-bc49940248b8",
    "modules": [
        {
            "path": [
                "root"
            ],
            "outputs": {},
            "resources": {
                "aws_eip.forNat": {
                    "type": "aws_eip",
                    "depends_on": [],
                    "primary": {
                        "id": "eipalloc-0e094d13f1c12d66d",
                        "attributes": {
                            "association_id": "eipassoc-9508b369",
                            "domain": "vpc",
                            "id": "eipalloc-0e094d13f1c12d66d",
                            "instance": "",
                            "network_interface": "eni-0dc5673b6cd614ccb",
                            "private_ip": "172.28.0.175",
                            "public_ip": "52.14.175.44",
                            "tags.%": "0",
                            "vpc": "true"
                        },
                        "meta": {
                            "e2bfb730-ecaa-11e6-8f88-34363bc7c4c0": {
                                "delete": 180000000000,
                                "read": 900000000000,
                                "update": 300000000000
                            }
                        },
                        "tainted": false
                    },
                    "deposed": [],
                    "provider": "provider.aws"
                },
                "aws_internet_gateway.gw": {
                    "type": "aws_internet_gateway",
                    "depends_on": [
                        "aws_vpc.terraformmain"
                    ],
                    "primary": {
                        "id": "igw-0e73b26b46534a9e1",
                        "attributes": {
                            "id": "igw-0e73b26b46534a9e1",
                            "tags.%": "1",
                            "tags.Name": "internet gw terraform generated",
                            "vpc_id": "vpc-0539550ae7112b0c5"
                        },
                        "meta": {},
                        "tainted": false
                    },
                    "deposed": [],
                    "provider": "provider.aws"
                },
                "aws_nat_gateway.PublicAZA": {
                    "type": "aws_nat_gateway",
                    "depends_on": [
                        "aws_eip.forNat",
                        "aws_internet_gateway.gw",
                        "aws_subnet.PublicAZA"
                    ],
                    "primary": {
                        "id": "nat-0e6e41ba4032b5b3b",
                        "attributes": {
                            "allocation_id": "eipalloc-0e094d13f1c12d66d",
                            "id": "nat-0e6e41ba4032b5b3b",
                            "network_interface_id": "eni-0dc5673b6cd614ccb",
                            "private_ip": "172.28.0.175",
                            "public_ip": "52.14.175.44",
                            "subnet_id": "subnet-08793ac7c197d14d6",
                            "tags.%": "0"
                        },
                        "meta": {},
                        "tainted": false
                    },
                    "deposed": [],
                    "provider": "provider.aws"
                },
                "aws_network_acl.all": {
                    "type": "aws_network_acl",
                    "depends_on": [
                        "aws_vpc.terraformmain"
                    ],
                    "primary": {
                        "id": "acl-04633b7c69cfdc848",
                        "attributes": {
                            "egress.#": "1",
                            "egress.2943206146.action": "allow",
                            "egress.2943206146.cidr_block": "0.0.0.0/0",
                            "egress.2943206146.from_port": "0",
                            "egress.2943206146.icmp_code": "0",
                            "egress.2943206146.icmp_type": "0",
                            "egress.2943206146.ipv6_cidr_block": "",
                            "egress.2943206146.protocol": "-1",
                            "egress.2943206146.rule_no": "2",
                            "egress.2943206146.to_port": "0",
                            "id": "acl-04633b7c69cfdc848",
                            "ingress.#": "1",
                            "ingress.1564094202.action": "allow",
                            "ingress.1564094202.cidr_block": "0.0.0.0/0",
                            "ingress.1564094202.from_port": "0",
                            "ingress.1564094202.icmp_code": "0",
                            "ingress.1564094202.icmp_type": "0",
                            "ingress.1564094202.ipv6_cidr_block": "",
                            "ingress.1564094202.protocol": "-1",
                            "ingress.1564094202.rule_no": "1",
                            "ingress.1564094202.to_port": "0",
                            "subnet_ids.#": "0",
                            "tags.%": "1",
                            "tags.Name": "open acl",
                            "vpc_id": "vpc-0539550ae7112b0c5"
                        },
                        "meta": {},
                        "tainted": false
                    },
                    "deposed": [],
                    "provider": "provider.aws"
                },
                "aws_route_table.private": {
                    "type": "aws_route_table",
                    "depends_on": [
                        "aws_nat_gateway.PublicAZA",
                        "aws_vpc.terraformmain"
                    ],
                    "primary": {
                        "id": "rtb-060891fbc5940b527",
                        "attributes": {
                            "id": "rtb-060891fbc5940b527",
                            "propagating_vgws.#": "0",
                            "route.#": "1",
                            "route.710766293.cidr_block": "0.0.0.0/0",
                            "route.710766293.egress_only_gateway_id": "",
                            "route.710766293.gateway_id": "",
                            "route.710766293.instance_id": "",
                            "route.710766293.ipv6_cidr_block": "",
                            "route.710766293.nat_gateway_id": "nat-0e6e41ba4032b5b3b",
                            "route.710766293.network_interface_id": "",
                            "route.710766293.vpc_peering_connection_id": "",
                            "tags.%": "1",
                            "tags.Name": "Private",
                            "vpc_id": "vpc-0539550ae7112b0c5"
                        },
                        "meta": {},
                        "tainted": false
                    },
                    "deposed": [],
                    "provider": "provider.aws"
                },
                "aws_route_table.public": {
                    "type": "aws_route_table",
                    "depends_on": [
                        "aws_internet_gateway.gw",
                        "aws_vpc.terraformmain"
                    ],
                    "primary": {
                        "id": "rtb-0247b6450a1fbca1c",
                        "attributes": {
                            "id": "rtb-0247b6450a1fbca1c",
                            "propagating_vgws.#": "0",
                            "route.#": "1",
                            "route.3094202797.cidr_block": "0.0.0.0/0",
                            "route.3094202797.egress_only_gateway_id": "",
                            "route.3094202797.gateway_id": "igw-0e73b26b46534a9e1",
                            "route.3094202797.instance_id": "",
                            "route.3094202797.ipv6_cidr_block": "",
                            "route.3094202797.nat_gateway_id": "",
                            "route.3094202797.network_interface_id": "",
                            "route.3094202797.vpc_peering_connection_id": "",
                            "tags.%": "1",
                            "tags.Name": "Public",
                            "vpc_id": "vpc-0539550ae7112b0c5"
                        },
                        "meta": {},
                        "tainted": false
                    },
                    "deposed": [],
                    "provider": "provider.aws"
                },
                "aws_route_table_association.PrivateAZA": {
                    "type": "aws_route_table_association",
                    "depends_on": [
                        "aws_route_table.private",
                        "aws_subnet.PrivateAZA"
                    ],
                    "primary": {
                        "id": "rtbassoc-0824824125ad87bd0",
                        "attributes": {
                            "id": "rtbassoc-0824824125ad87bd0",
                            "route_table_id": "rtb-060891fbc5940b527",
                            "subnet_id": "subnet-0da55957a33060e59"
                        },
                        "meta": {},
                        "tainted": false
                    },
                    "deposed": [],
                    "provider": "provider.aws"
                },
                "aws_route_table_association.PublicAZA": {
                    "type": "aws_route_table_association",
                    "depends_on": [
                        "aws_route_table.public",
                        "aws_subnet.PublicAZA"
                    ],
                    "primary": {
                        "id": "rtbassoc-08c75bc0db5a6956f",
                        "attributes": {
                            "id": "rtbassoc-08c75bc0db5a6956f",
                            "route_table_id": "rtb-0247b6450a1fbca1c",
                            "subnet_id": "subnet-08793ac7c197d14d6"
                        },
                        "meta": {},
                        "tainted": false
                    },
                    "deposed": [],
                    "provider": "provider.aws"
                },
                "aws_subnet.PrivateAZA": {
                    "type": "aws_subnet",
                    "depends_on": [
                        "aws_vpc.terraformmain",
                        "data.aws_availability_zones.available"
                    ],
                    "primary": {
                        "id": "subnet-0da55957a33060e59",
                        "attributes": {
                            "arn": "arn:aws:ec2:us-east-2:407830624442:subnet/subnet-0da55957a33060e59",
                            "assign_ipv6_address_on_creation": "false",
                            "availability_zone": "us-east-2b",
                            "cidr_block": "172.28.3.0/24",
                            "id": "subnet-0da55957a33060e59",
                            "map_public_ip_on_launch": "false",
                            "tags.%": "1",
                            "tags.Name": "PublicAZB",
                            "vpc_id": "vpc-0539550ae7112b0c5"
                        },
                        "meta": {
                            "schema_version": "1"
                        },
                        "tainted": false
                    },
                    "deposed": [],
                    "provider": "provider.aws"
                },
                "aws_subnet.PublicAZA": {
                    "type": "aws_subnet",
                    "depends_on": [
                        "aws_vpc.terraformmain",
                        "data.aws_availability_zones.available"
                    ],
                    "primary": {
                        "id": "subnet-08793ac7c197d14d6",
                        "attributes": {
                            "arn": "arn:aws:ec2:us-east-2:407830624442:subnet/subnet-08793ac7c197d14d6",
                            "assign_ipv6_address_on_creation": "false",
                            "availability_zone": "us-east-2a",
                            "cidr_block": "172.28.0.0/24",
                            "id": "subnet-08793ac7c197d14d6",
                            "map_public_ip_on_launch": "false",
                            "tags.%": "1",
                            "tags.Name": "PublicAZA",
                            "vpc_id": "vpc-0539550ae7112b0c5"
                        },
                        "meta": {
                            "schema_version": "1"
                        },
                        "tainted": false
                    },
                    "deposed": [],
                    "provider": "provider.aws"
                },
                "aws_vpc.terraformmain": {
                    "type": "aws_vpc",
                    "depends_on": [],
                    "primary": {
                        "id": "vpc-0539550ae7112b0c5",
                        "attributes": {
                            "arn": "arn:aws:ec2:us-east-2:407830624442:vpc/vpc-0539550ae7112b0c5",
                            "assign_generated_ipv6_cidr_block": "false",
                            "cidr_block": "172.28.0.0/16",
                            "default_network_acl_id": "acl-094b6e56c27a6b501",
                            "default_route_table_id": "rtb-06336720136cc55a8",
                            "default_security_group_id": "sg-08729f1d213f857fe",
                            "dhcp_options_id": "dopt-c64f59ae",
                            "enable_dns_hostnames": "true",
                            "enable_dns_support": "true",
                            "id": "vpc-0539550ae7112b0c5",
                            "instance_tenancy": "default",
                            "main_route_table_id": "rtb-06336720136cc55a8",
                            "tags.%": "1",
                            "tags.Name": "My_vpc"
                        },
                        "meta": {
                            "schema_version": "1"
                        },
                        "tainted": false
                    },
                    "deposed": [],
                    "provider": "provider.aws"
                },
                "data.aws_availability_zones.available": {
                    "type": "aws_availability_zones",
                    "depends_on": [],
                    "primary": {
                        "id": "2018-09-18 06:20:32.270935609 +0000 UTC",
                        "attributes": {
                            "id": "2018-09-18 06:20:32.270935609 +0000 UTC",
                            "names.#": "3",
                            "names.0": "us-east-2a",
                            "names.1": "us-east-2b",
                            "names.2": "us-east-2c"
                        },
                        "meta": {},
                        "tainted": false
                    },
                    "deposed": [],
                    "provider": "provider.aws"
                }
            },
            "depends_on": []
        }
    ]
}
